
Microsoft Visual Studio Solution File, Format Version 12.00
# Visual Studio Version 17
VisualStudioVersion = 17.7.34024.191
MinimumVisualStudioVersion = 10.0.40219.1
Project("{8BC9CEB8-8B4A-11D0-8D11-00A0C91BC942}") = "2-2 Activity SQL Injection Coding", "2-2 Activity SQL Injection Coding\2-2 Activity SQL Injection Coding.vcxproj", "{DACCA780-1055-44AC-A500-5A6FF6C79D98}"
EndProject
Global
	GlobalSection(SolutionConfigurationPlatforms) = preSolution
		Debug|x64 = Debug|x64
		Debug|x86 = Debug|x86
		Release|x64 = Release|x64
		Release|x86 = Release|x86
	EndGlobalSection
	GlobalSection(ProjectConfigurationPlatforms) = postSolution
		{DACCA780-1055-44AC-A500-5A6FF6C79D98}.Debug|x64.ActiveCfg = Debug|x64
		{DACCA780-1055-44AC-A500-5A6FF6C79D98}.Debug|x64.Build.0 = Debug|x64
		{DACCA780-1055-44AC-A500-5A6FF6C79D98}.Debug|x86.ActiveCfg = Debug|Win32
		{DACCA780-1055-44AC-A500-5A6FF6C79D98}.Debug|x86.Build.0 = Debug|Win32
		{DACCA780-1055-44AC-A500-5A6FF6C79D98}.Release|x64.ActiveCfg = Release|x64
		{DACCA780-1055-44AC-A500-5A6FF6C79D98}.Release|x64.Build.0 = Release|x64
		{DACCA780-1055-44AC-A500-5A6FF6C79D98}.Release|x86.ActiveCfg = Release|Win32
		{DACCA780-1055-44AC-A500-5A6FF6C79D98}.Release|x86.Build.0 = Release|Win32
	EndGlobalSection
	GlobalSection(SolutionProperties) = preSolution
		HideSolutionNode = FALSE
	EndGlobalSection
	GlobalSection(ExtensibilityGlobals) = postSolution
		SolutionGuid = {ED447913-C665-48FC-B985-84367AE0F44C}
	EndGlobalSection
EndGlobal
